{
  "originHash" : "ec98a9f1d155e42c4e5d71679bfb25f83b38c5e36891feb6719fe84b61fba068",
  "pins" : [
    {
      "identity" : "amsmb2",
      "kind" : "remoteSourceControl",
      "location" : "https://github.com/peanutslab71/AMSMB2",
      "state" : {
        "branch" : "guest-anonymous-session",
        "revision" : "c2126523f841661bfd1d57598c5a8c44493f6344"
      }
    },
    {
      "identity" : "chromaswift",
      "kind" : "remoteSourceControl",
      "location" : "https://github.com/wallisch/ChromaSwift",
      "state" : {
        "revision" : "4570630752e5c9a07244df7621888363d287c1c4",
        "version" : "1.2.0"
      }
    },
    {
      "identity" : "cxxtaglib",
      "kind" : "remoteSourceControl",
      "location" : "https://github.com/sbooth/CXXTagLib",
      "state" : {
        "revision" : "b570acead5e27006cb41ab5ff7443c8797b3b8e5",
        "version" : "2.3.0"
      }
    },
    {
      "identity" : "swift-system",
      "kind" : "remoteSourceControl",
      "location" : "https://github.com/apple/swift-system.git",
      "state" : {
        "revision" : "b5544ba79a70a0cb3563e75bf26dc198d6b40ed3",
        "version" : "1.7.4"
      }
    }
  ],
  "version" : 3
}
