{
  "originHash" : "406c989d6de34ece8e97d3c912b1e6aaa10225a6a826ce43d63178c15e5a0add",
  "pins" : [
    {
      "identity" : "amsmb2",
      "kind" : "remoteSourceControl",
      "location" : "https://github.com/peanutslab71/AMSMB2",
      "state" : {
        "branch" : "guest-anonymous-session",
        "revision" : "c2126523f841661bfd1d57598c5a8c44493f6344"
      }
    },
    {
      "identity" : "swift-system",
      "kind" : "remoteSourceControl",
      "location" : "https://github.com/apple/swift-system.git",
      "state" : {
        "revision" : "b5544ba79a70a0cb3563e75bf26dc198d6b40ed3",
        "version" : "1.7.4"
      }
    }
  ],
  "version" : 3
}
