{
  "originHash" : "9893a28f3a1e89d59d47f415330b776be52a995395be654f9cc3cc53b9fab889",
  "pins" : [
    {
      "identity" : "amsmb2",
      "kind" : "remoteSourceControl",
      "location" : "https://github.com/amosavian/AMSMB2",
      "state" : {
        "revision" : "1726aaaf7adf63d7d1d2a0c5d1b0e635028215c0",
        "version" : "4.0.3"
      }
    }
  ],
  "version" : 3
}
